
Microsoft Visual Studio Solution File, Format Version 12.00
# Visual Studio Version 16
VisualStudioVersion = 16.0.31129.286
MinimumVisualStudioVersion = 10.0.40219.1
Project("{9A19103F-16F7-4668-BE54-9A1E7A4F7556}") = "PrismThreadingTest.Core", "PrismThreadingTest.Core\PrismThreadingTest.Core.csproj", "{529693A1-75AC-4D1D-87F7-FB02740AF96E}"
EndProject
Project("{9A19103F-16F7-4668-BE54-9A1E7A4F7556}") = "PrismThreadingTest", "PrismThreadingTest\PrismThreadingTest.csproj", "{2E7849F8-E791-4927-B2CB-2448BC1FF932}"
EndProject
Project("{9A19103F-16F7-4668-BE54-9A1E7A4F7556}") = "PrismThreadingTest.Modules.A", "PrismThreadingTest.Modules.A\PrismThreadingTest.Modules.A.csproj", "{A511A3AD-B649-4114-8FAA-73C2ED4936EE}"
EndProject
Project("{9A19103F-16F7-4668-BE54-9A1E7A4F7556}") = "PrismThreadingTest.Modules.B", "PrismThreadingTest.Module.B\PrismThreadingTest.Modules.B.csproj", "{3B292AB5-9867-4ED6-B3BD-E595323CE008}"
EndProject
Global
	GlobalSection(SolutionConfigurationPlatforms) = preSolution
		Debug|Any CPU = Debug|Any CPU
		Release|Any CPU = Release|Any CPU
	EndGlobalSection
	GlobalSection(ProjectConfigurationPlatforms) = postSolution
		{529693A1-75AC-4D1D-87F7-FB02740AF96E}.Debug|Any CPU.ActiveCfg = Debug|Any CPU
		{529693A1-75AC-4D1D-87F7-FB02740AF96E}.Debug|Any CPU.Build.0 = Debug|Any CPU
		{529693A1-75AC-4D1D-87F7-FB02740AF96E}.Release|Any CPU.ActiveCfg = Release|Any CPU
		{529693A1-75AC-4D1D-87F7-FB02740AF96E}.Release|Any CPU.Build.0 = Release|Any CPU
		{2E7849F8-E791-4927-B2CB-2448BC1FF932}.Debug|Any CPU.ActiveCfg = Debug|Any CPU
		{2E7849F8-E791-4927-B2CB-2448BC1FF932}.Debug|Any CPU.Build.0 = Debug|Any CPU
		{2E7849F8-E791-4927-B2CB-2448BC1FF932}.Release|Any CPU.ActiveCfg = Release|Any CPU
		{2E7849F8-E791-4927-B2CB-2448BC1FF932}.Release|Any CPU.Build.0 = Release|Any CPU
		{A511A3AD-B649-4114-8FAA-73C2ED4936EE}.Debug|Any CPU.ActiveCfg = Debug|Any CPU
		{A511A3AD-B649-4114-8FAA-73C2ED4936EE}.Debug|Any CPU.Build.0 = Debug|Any CPU
		{A511A3AD-B649-4114-8FAA-73C2ED4936EE}.Release|Any CPU.ActiveCfg = Release|Any CPU
		{A511A3AD-B649-4114-8FAA-73C2ED4936EE}.Release|Any CPU.Build.0 = Release|Any CPU
		{3B292AB5-9867-4ED6-B3BD-E595323CE008}.Debug|Any CPU.ActiveCfg = Debug|Any CPU
		{3B292AB5-9867-4ED6-B3BD-E595323CE008}.Debug|Any CPU.Build.0 = Debug|Any CPU
		{3B292AB5-9867-4ED6-B3BD-E595323CE008}.Release|Any CPU.ActiveCfg = Release|Any CPU
		{3B292AB5-9867-4ED6-B3BD-E595323CE008}.Release|Any CPU.Build.0 = Release|Any CPU
	EndGlobalSection
	GlobalSection(SolutionProperties) = preSolution
		HideSolutionNode = FALSE
	EndGlobalSection
	GlobalSection(ExtensibilityGlobals) = postSolution
		SolutionGuid = {1919C0BD-570C-426D-BE8E-28777EAFD24F}
	EndGlobalSection
EndGlobal
